
Microsoft Visual Studio Solution File, Format Version 12.00
# Blend for Visual Studio Version 16
VisualStudioVersion = 16.0.31911.196
MinimumVisualStudioVersion = 10.0.40219.1
Project("{FAE04EC0-301F-11D3-BF4B-00C04F79EFBC}") = "WPFblend11", "WPFblend11\WPFblend11.csproj", "{D331DAA3-FA58-4D52-870B-A2AA0C080B17}"
EndProject
Global
	GlobalSection(SolutionConfigurationPlatforms) = preSolution
		Debug|Any CPU = Debug|Any CPU
		Release|Any CPU = Release|Any CPU
	EndGlobalSection
	GlobalSection(ProjectConfigurationPlatforms) = postSolution
		{D331DAA3-FA58-4D52-870B-A2AA0C080B17}.Debug|Any CPU.ActiveCfg = Debug|Any CPU
		{D331DAA3-FA58-4D52-870B-A2AA0C080B17}.Debug|Any CPU.Build.0 = Debug|Any CPU
		{D331DAA3-FA58-4D52-870B-A2AA0C080B17}.Release|Any CPU.ActiveCfg = Release|Any CPU
		{D331DAA3-FA58-4D52-870B-A2AA0C080B17}.Release|Any CPU.Build.0 = Release|Any CPU
	EndGlobalSection
	GlobalSection(SolutionProperties) = preSolution
		HideSolutionNode = FALSE
	EndGlobalSection
	GlobalSection(ExtensibilityGlobals) = postSolution
		SolutionGuid = {72134706-D1D9-40B2-931D-F479669CC296}
	EndGlobalSection
EndGlobal
